
Microsoft Visual Studio Solution File, Format Version 12.00
# Visual Studio Version 16
VisualStudioVersion = 16.0.30717.126
MinimumVisualStudioVersion = 10.0.40219.1
Project("{9A19103F-16F7-4668-BE54-9A1E7A4F7556}") = "WebService", "WebService\WebService.csproj", "{E6B61F12-4AAB-4E7E-986A-D63CB3733BA0}"
EndProject
Project("{FAE04EC0-301F-11D3-BF4B-00C04F79EFBC}") = "Models", "Models\Models.csproj", "{B4AF2F3F-6178-4EB5-9127-081392A8A5B8}"
EndProject
Project("{FAE04EC0-301F-11D3-BF4B-00C04F79EFBC}") = "Repositories", "Repositories\Repositories.csproj", "{AB2A90F3-F8CA-4CED-8F33-EFF2464B3140}"
EndProject
Global
	GlobalSection(SolutionConfigurationPlatforms) = preSolution
		Debug|Any CPU = Debug|Any CPU
		Release|Any CPU = Release|Any CPU
	EndGlobalSection
	GlobalSection(ProjectConfigurationPlatforms) = postSolution
		{E6B61F12-4AAB-4E7E-986A-D63CB3733BA0}.Debug|Any CPU.ActiveCfg = Debug|Any CPU
		{E6B61F12-4AAB-4E7E-986A-D63CB3733BA0}.Debug|Any CPU.Build.0 = Debug|Any CPU
		{E6B61F12-4AAB-4E7E-986A-D63CB3733BA0}.Release|Any CPU.ActiveCfg = Release|Any CPU
		{E6B61F12-4AAB-4E7E-986A-D63CB3733BA0}.Release|Any CPU.Build.0 = Release|Any CPU
		{B4AF2F3F-6178-4EB5-9127-081392A8A5B8}.Debug|Any CPU.ActiveCfg = Debug|Any CPU
		{B4AF2F3F-6178-4EB5-9127-081392A8A5B8}.Debug|Any CPU.Build.0 = Debug|Any CPU
		{B4AF2F3F-6178-4EB5-9127-081392A8A5B8}.Release|Any CPU.ActiveCfg = Release|Any CPU
		{B4AF2F3F-6178-4EB5-9127-081392A8A5B8}.Release|Any CPU.Build.0 = Release|Any CPU
		{AB2A90F3-F8CA-4CED-8F33-EFF2464B3140}.Debug|Any CPU.ActiveCfg = Debug|Any CPU
		{AB2A90F3-F8CA-4CED-8F33-EFF2464B3140}.Debug|Any CPU.Build.0 = Debug|Any CPU
		{AB2A90F3-F8CA-4CED-8F33-EFF2464B3140}.Release|Any CPU.ActiveCfg = Release|Any CPU
		{AB2A90F3-F8CA-4CED-8F33-EFF2464B3140}.Release|Any CPU.Build.0 = Release|Any CPU
	EndGlobalSection
	GlobalSection(SolutionProperties) = preSolution
		HideSolutionNode = FALSE
	EndGlobalSection
	GlobalSection(ExtensibilityGlobals) = postSolution
		SolutionGuid = {1229EA4F-CDB2-4F34-9681-2EE5DAA9F627}
	EndGlobalSection
EndGlobal
